// !$*UTF8*$!
{
	archiveVersion = 1;
	classes = {
	};
	objectVersion = 60;
	objects = {

/* Begin PBXBuildFile section */
		7B4B4B2B2B239F360010431C /* AppDelegate.swift in Sources */ = {isa = PBXBuildFile; fileRef = 7B4B4B2A2B239F360010431C /* AppDelegate.swift */; };
		7B4B4B2D2B239F360010431C /* ViewController.swift in Sources */ = {isa = PBXBuildFile; fileRef = 7B4B4B2C2B239F360010431C /* ViewController.swift */; };
		7B4B4B392B239F720010431C /* VariableBlurImageView in Frameworks */ = {isa = PBXBuildFile; productRef = 7B4B4B382B239F720010431C /* VariableBlurImageView */; };
		7B4B4B3B2B239FD80010431C /* VariableBlurImageView in Frameworks */ = {isa = PBXBuildFile; productRef = 7B4B4B3A2B239FD80010431C /* VariableBlurImageView */; };
		7B4B4B3C2B23A0E90010431C /* Assets.xcassets in Resources */ = {isa = PBXBuildFile; fileRef = 7BE752932B239E5900927478 /* Assets.xcassets */; };
		7B4B4B412B23A8CE0010431C /* main.swift in Sources */ = {isa = PBXBuildFile; fileRef = 7B4B4B402B23A8CE0010431C /* main.swift */; };
		7BE7528B2B239E5800927478 /* AppDelegate.swift in Sources */ = {isa = PBXBuildFile; fileRef = 7BE7528A2B239E5800927478 /* AppDelegate.swift */; };
		7BE7528D2B239E5800927478 /* SceneDelegate.swift in Sources */ = {isa = PBXBuildFile; fileRef = 7BE7528C2B239E5800927478 /* SceneDelegate.swift */; };
		7BE7528F2B239E5800927478 /* ViewController.swift in Sources */ = {isa = PBXBuildFile; fileRef = 7BE7528E2B239E5800927478 /* ViewController.swift */; };
		7BE752942B239E5900927478 /* Assets.xcassets in Resources */ = {isa = PBXBuildFile; fileRef = 7BE752932B239E5900927478 /* Assets.xcassets */; };
		7BE752972B239E5900927478 /* LaunchScreen.storyboard in Resources */ = {isa = PBXBuildFile; fileRef = 7BE752952B239E5900927478 /* LaunchScreen.storyboard */; };
/* End PBXBuildFile section */

/* Begin PBXFileReference section */
		7B4B4B282B239F360010431C /* VariableBlurDemo-MacOS.app */ = {isa = PBXFileReference; explicitFileType = wrapper.application; includeInIndex = 0; path = "VariableBlurDemo-MacOS.app"; sourceTree = BUILT_PRODUCTS_DIR; };
		7B4B4B2A2B239F360010431C /* AppDelegate.swift */ = {isa = PBXFileReference; lastKnownFileType = sourcecode.swift; path = AppDelegate.swift; sourceTree = "<group>"; };
		7B4B4B2C2B239F360010431C /* ViewController.swift */ = {isa = PBXFileReference; lastKnownFileType = sourcecode.swift; path = ViewController.swift; sourceTree = "<group>"; };
		7B4B4B332B239F380010431C /* VariableBlurDemo_MacOS.entitlements */ = {isa = PBXFileReference; lastKnownFileType = text.plist.entitlements; path = VariableBlurDemo_MacOS.entitlements; sourceTree = "<group>"; };
		7B4B4B3D2B23A2290010431C /* VariableBlurDemo.entitlements */ = {isa = PBXFileReference; lastKnownFileType = text.plist.entitlements; path = VariableBlurDemo.entitlements; sourceTree = "<group>"; };
		7B4B4B402B23A8CE0010431C /* main.swift */ = {isa = PBXFileReference; lastKnownFileType = sourcecode.swift; path = main.swift; sourceTree = "<group>"; };
		7BE752872B239E5800927478 /* VariableBlurDemo.app */ = {isa = PBXFileReference; explicitFileType = wrapper.application; includeInIndex = 0; path = VariableBlurDemo.app; sourceTree = BUILT_PRODUCTS_DIR; };
		7BE7528A2B239E5800927478 /* AppDelegate.swift */ = {isa = PBXFileReference; lastKnownFileType = sourcecode.swift; path = AppDelegate.swift; sourceTree = "<group>"; };
		7BE7528C2B239E5800927478 /* SceneDelegate.swift */ = {isa = PBXFileReference; lastKnownFileType = sourcecode.swift; path = SceneDelegate.swift; sourceTree = "<group>"; };
		7BE7528E2B239E5800927478 /* ViewController.swift */ = {isa = PBXFileReference; lastKnownFileType = sourcecode.swift; path = ViewController.swift; sourceTree = "<group>"; };
		7BE752932B239E5900927478 /* Assets.xcassets */ = {isa = PBXFileReference; lastKnownFileType = folder.assetcatalog; path = Assets.xcassets; sourceTree = "<group>"; };
		7BE752962B239E5900927478 /* Base */ = {isa = PBXFileReference; lastKnownFileType = file.storyboard; name = Base; path = Base.lproj/LaunchScreen.storyboard; sourceTree = "<group>"; };
		7BE752982B239E5900927478 /* Info.plist */ = {isa = PBXFileReference; lastKnownFileType = text.plist.xml; path = Info.plist; sourceTree = "<group>"; };
/* End PBXFileReference section */

/* Begin PBXFrameworksBuildPhase section */
		7B4B4B252B239F360010431C /* Frameworks */ = {
			isa = PBXFrameworksBuildPhase;
			buildActionMask = 2147483647;
			files = (
				7B4B4B3B2B239FD80010431C /* VariableBlurImageView in Frameworks */,
			);
			runOnlyForDeploymentPostprocessing = 0;
		};
		7BE752842B239E5800927478 /* Frameworks */ = {
			isa = PBXFrameworksBuildPhase;
			buildActionMask = 2147483647;
			files = (
				7B4B4B392B239F720010431C /* VariableBlurImageView in Frameworks */,
			);
			runOnlyForDeploymentPostprocessing = 0;
		};
/* End PBXFrameworksBuildPhase section */

/* Begin PBXGroup section */
		7B4B4B292B239F360010431C /* VariableBlurDemo-MacOS */ = {
			isa = PBXGroup;
			children = (
				7B4B4B2A2B239F360010431C /* AppDelegate.swift */,
				7B4B4B402B23A8CE0010431C /* main.swift */,
				7B4B4B2C2B239F360010431C /* ViewController.swift */,
				7B4B4B332B239F380010431C /* VariableBlurDemo_MacOS.entitlements */,
			);
			path = "VariableBlurDemo-MacOS";
			sourceTree = "<group>";
		};
		7BE7527E2B239E5800927478 = {
			isa = PBXGroup;
			children = (
				7BE752892B239E5800927478 /* VariableBlurDemo */,
				7B4B4B292B239F360010431C /* VariableBlurDemo-MacOS */,
				7BE752882B239E5800927478 /* Products */,
			);
			sourceTree = "<group>";
		};
		7BE752882B239E5800927478 /* Products */ = {
			isa = PBXGroup;
			children = (
				7BE752872B239E5800927478 /* VariableBlurDemo.app */,
				7B4B4B282B239F360010431C /* VariableBlurDemo-MacOS.app */,
			);
			name = Products;
			sourceTree = "<group>";
		};
		7BE752892B239E5800927478 /* VariableBlurDemo */ = {
			isa = PBXGroup;
			children = (
				7B4B4B3D2B23A2290010431C /* VariableBlurDemo.entitlements */,
				7BE7528A2B239E5800927478 /* AppDelegate.swift */,
				7BE7528C2B239E5800927478 /* SceneDelegate.swift */,
				7BE7528E2B239E5800927478 /* ViewController.swift */,
				7BE752932B239E5900927478 /* Assets.xcassets */,
				7BE752952B239E5900927478 /* LaunchScreen.storyboard */,
				7BE752982B239E5900927478 /* Info.plist */,
			);
			path = VariableBlurDemo;
			sourceTree = "<group>";
		};
/* End PBXGroup section */

/* Begin PBXNativeTarget section */
		7B4B4B272B239F360010431C /* VariableBlurDemo-MacOS */ = {
			isa = PBXNativeTarget;
			buildConfigurationList = 7B4B4B342B239F380010431C /* Build configuration list for PBXNativeTarget "VariableBlurDemo-MacOS" */;
			buildPhases = (
				7B4B4B242B239F360010431C /* Sources */,
				7B4B4B252B239F360010431C /* Frameworks */,
				7B4B4B262B239F360010431C /* Resources */,
			);
			buildRules = (
			);
			dependencies = (
			);
			name = "VariableBlurDemo-MacOS";
			packageProductDependencies = (
				7B4B4B3A2B239FD80010431C /* VariableBlurImageView */,
			);
			productName = "VariableBlurDemo-MacOS";
			productReference = 7B4B4B282B239F360010431C /* VariableBlurDemo-MacOS.app */;
			productType = "com.apple.product-type.application";
		};
		7BE752862B239E5800927478 /* VariableBlurDemo */ = {
			isa = PBXNativeTarget;
			buildConfigurationList = 7BE7529B2B239E5900927478 /* Build configuration list for PBXNativeTarget "VariableBlurDemo" */;
			buildPhases = (
				7BE752832B239E5800927478 /* Sources */,
				7BE752842B239E5800927478 /* Frameworks */,
				7BE752852B239E5800927478 /* Resources */,
			);
			buildRules = (
			);
			dependencies = (
			);
			name = VariableBlurDemo;
			packageProductDependencies = (
				7B4B4B382B239F720010431C /* VariableBlurImageView */,
			);
			productName = VariableBlurDemo;
			productReference = 7BE752872B239E5800927478 /* VariableBlurDemo.app */;
			productType = "com.apple.product-type.application";
		};
/* End PBXNativeTarget section */

/* Begin PBXProject section */
		7BE7527F2B239E5800927478 /* Project object */ = {
			isa = PBXProject;
			attributes = {
				BuildIndependentTargetsInParallel = 1;
				LastSwiftUpdateCheck = 1500;
				LastUpgradeCheck = 1500;
				TargetAttributes = {
					7B4B4B272B239F360010431C = {
						CreatedOnToolsVersion = 15.0;
					};
					7BE752862B239E5800927478 = {
						CreatedOnToolsVersion = 15.0;
					};
				};
			};
			buildConfigurationList = 7BE752822B239E5800927478 /* Build configuration list for PBXProject "VariableBlurDemo" */;
			compatibilityVersion = "Xcode 14.0";
			developmentRegion = en;
			hasScannedForEncodings = 0;
			knownRegions = (
				en,
				Base,
			);
			mainGroup = 7BE7527E2B239E5800927478;
			packageReferences = (
				7B4B4B372B239F720010431C /* XCLocalSwiftPackageReference "../.." */,
			);
			productRefGroup = 7BE752882B239E5800927478 /* Products */;
			projectDirPath = "";
			projectRoot = "";
			targets = (
				7BE752862B239E5800927478 /* VariableBlurDemo */,
				7B4B4B272B239F360010431C /* VariableBlurDemo-MacOS */,
			);
		};
/* End PBXProject section */

/* Begin PBXResourcesBuildPhase section */
		7B4B4B262B239F360010431C /* Resources */ = {
			isa = PBXResourcesBuildPhase;
			buildActionMask = 2147483647;
			files = (
				7B4B4B3C2B23A0E90010431C /* Assets.xcassets in Resources */,
			);
			runOnlyForDeploymentPostprocessing = 0;
		};
		7BE752852B239E5800927478 /* Resources */ = {
			isa = PBXResourcesBuildPhase;
			buildActionMask = 2147483647;
			files = (
				7BE752972B239E5900927478 /* LaunchScreen.storyboard in Resources */,
				7BE752942B239E5900927478 /* Assets.xcassets in Resources */,
			);
			runOnlyForDeploymentPostprocessing = 0;
		};
/* End PBXResourcesBuildPhase section */

/* Begin PBXSourcesBuildPhase section */
		7B4B4B242B239F360010431C /* Sources */ = {
			isa = PBXSourcesBuildPhase;
			buildActionMask = 2147483647;
			files = (
				7B4B4B2D2B239F360010431C /* ViewController.swift in Sources */,
				7B4B4B412B23A8CE0010431C /* main.swift in Sources */,
				7B4B4B2B2B239F360010431C /* AppDelegate.swift in Sources */,
			);
			runOnlyForDeploymentPostprocessing = 0;
		};
		7BE752832B239E5800927478 /* Sources */ = {
			isa = PBXSourcesBuildPhase;
			buildActionMask = 2147483647;
			files = (
				7BE7528F2B239E5800927478 /* ViewController.swift in Sources */,
				7BE7528B2B239E5800927478 /* AppDelegate.swift in Sources */,
				7BE7528D2B239E5800927478 /* SceneDelegate.swift in Sources */,
			);
			runOnlyForDeploymentPostprocessing = 0;
		};
/* End PBXSourcesBuildPhase section */

/* Begin PBXVariantGroup section */
		7BE752952B239E5900927478 /* LaunchScreen.storyboard */ = {
			isa = PBXVariantGroup;
			children = (
				7BE752962B239E5900927478 /* Base */,
			);
			name = LaunchScreen.storyboard;
			sourceTree = "<group>";
		};
/* End PBXVariantGroup section */

/* Begin XCBuildConfiguration section */
		7B4B4B352B239F380010431C /* Debug */ = {
			isa = XCBuildConfiguration;
			buildSettings = {
				ASSETCATALOG_COMPILER_APPICON_NAME = AppIcon;
				ASSETCATALOG_COMPILER_GLOBAL_ACCENT_COLOR_NAME = AccentColor;
				CODE_SIGN_ENTITLEMENTS = "VariableBlurDemo-MacOS/VariableBlurDemo_MacOS.entitlements";
				CODE_SIGN_STYLE = Automatic;
				COMBINE_HIDPI_IMAGES = YES;
				CURRENT_PROJECT_VERSION = 1;
				DEVELOPMENT_TEAM = EUKTZ7725R;
				ENABLE_HARDENED_RUNTIME = YES;
				GENERATE_INFOPLIST_FILE = YES;
				INFOPLIST_KEY_NSHumanReadableCopyright = "";
				INFOPLIST_KEY_NSPrincipalClass = NSApplication;
				LD_RUNPATH_SEARCH_PATHS = (
					"$(inherited)",
					"@executable_path/../Frameworks",
				);
				MACOSX_DEPLOYMENT_TARGET = 11.0;
				MARKETING_VERSION = 1.0;
				PRODUCT_BUNDLE_IDENTIFIER = "com.skillbreak.VariableBlurDemo-MacOS";
				PRODUCT_NAME = "$(TARGET_NAME)";
				SDKROOT = macosx;
				SWIFT_EMIT_LOC_STRINGS = YES;
				SWIFT_VERSION = 5.0;
			};
			name = Debug;
		};
		7B4B4B362B239F380010431C /* Release */ = {
			isa = XCBuildConfiguration;
			buildSettings = {
				ASSETCATALOG_COMPILER_APPICON_NAME = AppIcon;
				ASSETCATALOG_COMPILER_GLOBAL_ACCENT_COLOR_NAME = AccentColor;
				CODE_SIGN_ENTITLEMENTS = "VariableBlurDemo-MacOS/VariableBlurDemo_MacOS.entitlements";
				CODE_SIGN_STYLE = Automatic;
				COMBINE_HIDPI_IMAGES = YES;
				CURRENT_PROJECT_VERSION = 1;
				DEVELOPMENT_TEAM = EUKTZ7725R;
				ENABLE_HARDENED_RUNTIME = YES;
				GENERATE_INFOPLIST_FILE = YES;
				INFOPLIST_KEY_NSHumanReadableCopyright = "";
				INFOPLIST_KEY_NSPrincipalClass = NSApplication;
				LD_RUNPATH_SEARCH_PATHS = (
					"$(inherited)",
					"@executable_path/../Frameworks",
				);
				MACOSX_DEPLOYMENT_TARGET = 11.0;
				MARKETING_VERSION = 1.0;
				PRODUCT_BUNDLE_IDENTIFIER = "com.skillbreak.VariableBlurDemo-MacOS";
				PRODUCT_NAME = "$(TARGET_NAME)";
				SDKROOT = macosx;
				SWIFT_EMIT_LOC_STRINGS = YES;
				SWIFT_VERSION = 5.0;
			};
			name = Release;
		};
		7BE752992B239E5900927478 /* Debug */ = {
			isa = XCBuildConfiguration;
			buildSettings = {
				ALWAYS_SEARCH_USER_PATHS = NO;
				ASSETCATALOG_COMPILER_GENERATE_SWIFT_ASSET_SYMBOL_EXTENSIONS = YES;
				CLANG_ANALYZER_NONNULL = YES;
				CLANG_ANALYZER_NUMBER_OBJECT_CONVERSION = YES_AGGRESSIVE;
				CLANG_CXX_LANGUAGE_STANDARD = "gnu++20";
				CLANG_ENABLE_MODULES = YES;
				CLANG_ENABLE_OBJC_ARC = YES;
				CLANG_ENABLE_OBJC_WEAK = YES;
				CLANG_WARN_BLOCK_CAPTURE_AUTORELEASING = YES;
				CLANG_WARN_BOOL_CONVERSION = YES;
				CLANG_WARN_COMMA = YES;
				CLANG_WARN_CONSTANT_CONVERSION = YES;
				CLANG_WARN_DEPRECATED_OBJC_IMPLEMENTATIONS = YES;
				CLANG_WARN_DIRECT_OBJC_ISA_USAGE = YES_ERROR;
				CLANG_WARN_DOCUMENTATION_COMMENTS = YES;
				CLANG_WARN_EMPTY_BODY = YES;
				CLANG_WARN_ENUM_CONVERSION = YES;
				CLANG_WARN_INFINITE_RECURSION = YES;
				CLANG_WARN_INT_CONVERSION = YES;
				CLANG_WARN_NON_LITERAL_NULL_CONVERSION = YES;
				CLANG_WARN_OBJC_IMPLICIT_RETAIN_SELF = YES;
				CLANG_WARN_OBJC_LITERAL_CONVERSION = YES;
				CLANG_WARN_OBJC_ROOT_CLASS = YES_ERROR;
				CLANG_WARN_QUOTED_INCLUDE_IN_FRAMEWORK_HEADER = YES;
				CLANG_WARN_RANGE_LOOP_ANALYSIS = YES;
				CLANG_WARN_STRICT_PROTOTYPES = YES;
				CLANG_WARN_SUSPICIOUS_MOVE = YES;
				CLANG_WARN_UNGUARDED_AVAILABILITY = YES_AGGRESSIVE;
				CLANG_WARN_UNREACHABLE_CODE = YES;
				CLANG_WARN__DUPLICATE_METHOD_MATCH = YES;
				COPY_PHASE_STRIP = NO;
				DEBUG_INFORMATION_FORMAT = dwarf;
				ENABLE_STRICT_OBJC_MSGSEND = YES;
				ENABLE_TESTABILITY = YES;
				ENABLE_USER_SCRIPT_SANDBOXING = YES;
				GCC_C_LANGUAGE_STANDARD = gnu17;
				GCC_DYNAMIC_NO_PIC = NO;
				GCC_NO_COMMON_BLOCKS = YES;
				GCC_OPTIMIZATION_LEVEL = 0;
				GCC_PREPROCESSOR_DEFINITIONS = (
					"DEBUG=1",
					"$(inherited)",
				);
				GCC_WARN_64_TO_32_BIT_CONVERSION = YES;
				GCC_WARN_ABOUT_RETURN_TYPE = YES_ERROR;
				GCC_WARN_UNDECLARED_SELECTOR = YES;
				GCC_WARN_UNINITIALIZED_AUTOS = YES_AGGRESSIVE;
				GCC_WARN_UNUSED_FUNCTION = YES;
				GCC_WARN_UNUSED_VARIABLE = YES;
				IPHONEOS_DEPLOYMENT_TARGET = 17.0;
				LOCALIZATION_PREFERS_STRING_CATALOGS = YES;
				MTL_ENABLE_DEBUG_INFO = INCLUDE_SOURCE;
				MTL_FAST_MATH = YES;
				ONLY_ACTIVE_ARCH = YES;
				SDKROOT = iphoneos;
				SWIFT_ACTIVE_COMPILATION_CONDITIONS = "DEBUG $(inherited)";
				SWIFT_OPTIMIZATION_LEVEL = "-Onone";
			};
			name = Debug;
		};
		7BE7529A2B239E5900927478 /* Release */ = {
			isa = XCBuildConfiguration;
			buildSettings = {
				ALWAYS_SEARCH_USER_PATHS = NO;
				ASSETCATALOG_COMPILER_GENERATE_SWIFT_ASSET_SYMBOL_EXTENSIONS = YES;
				CLANG_ANALYZER_NONNULL = YES;
				CLANG_ANALYZER_NUMBER_OBJECT_CONVERSION = YES_AGGRESSIVE;
				CLANG_CXX_LANGUAGE_STANDARD = "gnu++20";
				CLANG_ENABLE_MODULES = YES;
				CLANG_ENABLE_OBJC_ARC = YES;
				CLANG_ENABLE_OBJC_WEAK = YES;
				CLANG_WARN_BLOCK_CAPTURE_AUTORELEASING = YES;
				CLANG_WARN_BOOL_CONVERSION = YES;
				CLANG_WARN_COMMA = YES;
				CLANG_WARN_CONSTANT_CONVERSION = YES;
				CLANG_WARN_DEPRECATED_OBJC_IMPLEMENTATIONS = YES;
				CLANG_WARN_DIRECT_OBJC_ISA_USAGE = YES_ERROR;
				CLANG_WARN_DOCUMENTATION_COMMENTS = YES;
				CLANG_WARN_EMPTY_BODY = YES;
				CLANG_WARN_ENUM_CONVERSION = YES;
				CLANG_WARN_INFINITE_RECURSION = YES;
				CLANG_WARN_INT_CONVERSION = YES;
				CLANG_WARN_NON_LITERAL_NULL_CONVERSION = YES;
				CLANG_WARN_OBJC_IMPLICIT_RETAIN_SELF = YES;
				CLANG_WARN_OBJC_LITERAL_CONVERSION = YES;
				CLANG_WARN_OBJC_ROOT_CLASS = YES_ERROR;
				CLANG_WARN_QUOTED_INCLUDE_IN_FRAMEWORK_HEADER = YES;
				CLANG_WARN_RANGE_LOOP_ANALYSIS = YES;
				CLANG_WARN_STRICT_PROTOTYPES = YES;
				CLANG_WARN_SUSPICIOUS_MOVE = YES;
				CLANG_WARN_UNGUARDED_AVAILABILITY = YES_AGGRESSIVE;
				CLANG_WARN_UNREACHABLE_CODE = YES;
				CLANG_WARN__DUPLICATE_METHOD_MATCH = YES;
				COPY_PHASE_STRIP = NO;
				DEBUG_INFORMATION_FORMAT = "dwarf-with-dsym";
				ENABLE_NS_ASSERTIONS = NO;
				ENABLE_STRICT_OBJC_MSGSEND = YES;
				ENABLE_USER_SCRIPT_SANDBOXING = YES;
				GCC_C_LANGUAGE_STANDARD = gnu17;
				GCC_NO_COMMON_BLOCKS = YES;
				GCC_WARN_64_TO_32_BIT_CONVERSION = YES;
				GCC_WARN_ABOUT_RETURN_TYPE = YES_ERROR;
				GCC_WARN_UNDECLARED_SELECTOR = YES;
				GCC_WARN_UNINITIALIZED_AUTOS = YES_AGGRESSIVE;
				GCC_WARN_UNUSED_FUNCTION = YES;
				GCC_WARN_UNUSED_VARIABLE = YES;
				IPHONEOS_DEPLOYMENT_TARGET = 17.0;
				LOCALIZATION_PREFERS_STRING_CATALOGS = YES;
				MTL_ENABLE_DEBUG_INFO = NO;
				MTL_FAST_MATH = YES;
				SDKROOT = iphoneos;
				SWIFT_COMPILATION_MODE = wholemodule;
				VALIDATE_PRODUCT = YES;
			};
			name = Release;
		};
		7BE7529C2B239E5900927478 /* Debug */ = {
			isa = XCBuildConfiguration;
			buildSettings = {
				ASSETCATALOG_COMPILER_APPICON_NAME = AppIcon;
				ASSETCATALOG_COMPILER_GLOBAL_ACCENT_COLOR_NAME = AccentColor;
				CODE_SIGN_ENTITLEMENTS = VariableBlurDemo/VariableBlurDemo.entitlements;
				CODE_SIGN_STYLE = Automatic;
				CURRENT_PROJECT_VERSION = 1;
				DEVELOPMENT_TEAM = EUKTZ7725R;
				GENERATE_INFOPLIST_FILE = YES;
				INFOPLIST_FILE = VariableBlurDemo/Info.plist;
				INFOPLIST_KEY_UIApplicationSupportsIndirectInputEvents = YES;
				INFOPLIST_KEY_UILaunchStoryboardName = LaunchScreen;
				INFOPLIST_KEY_UISupportedInterfaceOrientations_iPad = "UIInterfaceOrientationPortrait UIInterfaceOrientationPortraitUpsideDown UIInterfaceOrientationLandscapeLeft UIInterfaceOrientationLandscapeRight";
				INFOPLIST_KEY_UISupportedInterfaceOrientations_iPhone = "UIInterfaceOrientationPortrait UIInterfaceOrientationLandscapeLeft UIInterfaceOrientationLandscapeRight";
				IPHONEOS_DEPLOYMENT_TARGET = 13.0;
				LD_RUNPATH_SEARCH_PATHS = (
					"$(inherited)",
					"@executable_path/Frameworks",
				);
				MACOSX_DEPLOYMENT_TARGET = 11.0;
				MARKETING_VERSION = 1.0;
				PRODUCT_BUNDLE_IDENTIFIER = com.skillbreak.VariableBlurDemo;
				PRODUCT_NAME = "$(TARGET_NAME)";
				SUPPORTED_PLATFORMS = "iphoneos iphonesimulator";
				SUPPORTS_MACCATALYST = YES;
				SUPPORTS_MAC_DESIGNED_FOR_IPHONE_IPAD = NO;
				SWIFT_EMIT_LOC_STRINGS = YES;
				SWIFT_VERSION = 5.0;
				TARGETED_DEVICE_FAMILY = "1,2";
			};
			name = Debug;
		};
		7BE7529D2B239E5900927478 /* Release */ = {
			isa = XCBuildConfiguration;
			buildSettings = {
				ASSETCATALOG_COMPILER_APPICON_NAME = AppIcon;
				ASSETCATALOG_COMPILER_GLOBAL_ACCENT_COLOR_NAME = AccentColor;
				CODE_SIGN_ENTITLEMENTS = VariableBlurDemo/VariableBlurDemo.entitlements;
				CODE_SIGN_STYLE = Automatic;
				CURRENT_PROJECT_VERSION = 1;
				DEVELOPMENT_TEAM = EUKTZ7725R;
				GENERATE_INFOPLIST_FILE = YES;
				INFOPLIST_FILE = VariableBlurDemo/Info.plist;
				INFOPLIST_KEY_UIApplicationSupportsIndirectInputEvents = YES;
				INFOPLIST_KEY_UILaunchStoryboardName = LaunchScreen;
				INFOPLIST_KEY_UISupportedInterfaceOrientations_iPad = "UIInterfaceOrientationPortrait UIInterfaceOrientationPortraitUpsideDown UIInterfaceOrientationLandscapeLeft UIInterfaceOrientationLandscapeRight";
				INFOPLIST_KEY_UISupportedInterfaceOrientations_iPhone = "UIInterfaceOrientationPortrait UIInterfaceOrientationLandscapeLeft UIInterfaceOrientationLandscapeRight";
				IPHONEOS_DEPLOYMENT_TARGET = 13.0;
				LD_RUNPATH_SEARCH_PATHS = (
					"$(inherited)",
					"@executable_path/Frameworks",
				);
				MACOSX_DEPLOYMENT_TARGET = 11.0;
				MARKETING_VERSION = 1.0;
				PRODUCT_BUNDLE_IDENTIFIER = com.skillbreak.VariableBlurDemo;
				PRODUCT_NAME = "$(TARGET_NAME)";
				SUPPORTED_PLATFORMS = "iphoneos iphonesimulator";
				SUPPORTS_MACCATALYST = YES;
				SUPPORTS_MAC_DESIGNED_FOR_IPHONE_IPAD = NO;
				SWIFT_EMIT_LOC_STRINGS = YES;
				SWIFT_VERSION = 5.0;
				TARGETED_DEVICE_FAMILY = "1,2";
			};
			name = Release;
		};
/* End XCBuildConfiguration section */

/* Begin XCConfigurationList section */
		7B4B4B342B239F380010431C /* Build configuration list for PBXNativeTarget "VariableBlurDemo-MacOS" */ = {
			isa = XCConfigurationList;
			buildConfigurations = (
				7B4B4B352B239F380010431C /* Debug */,
				7B4B4B362B239F380010431C /* Release */,
			);
			defaultConfigurationIsVisible = 0;
			defaultConfigurationName = Release;
		};
		7BE752822B239E5800927478 /* Build configuration list for PBXProject "VariableBlurDemo" */ = {
			isa = XCConfigurationList;
			buildConfigurations = (
				7BE752992B239E5900927478 /* Debug */,
				7BE7529A2B239E5900927478 /* Release */,
			);
			defaultConfigurationIsVisible = 0;
			defaultConfigurationName = Release;
		};
		7BE7529B2B239E5900927478 /* Build configuration list for PBXNativeTarget "VariableBlurDemo" */ = {
			isa = XCConfigurationList;
			buildConfigurations = (
				7BE7529C2B239E5900927478 /* Debug */,
				7BE7529D2B239E5900927478 /* Release */,
			);
			defaultConfigurationIsVisible = 0;
			defaultConfigurationName = Release;
		};
/* End XCConfigurationList section */

/* Begin XCLocalSwiftPackageReference section */
		7B4B4B372B239F720010431C /* XCLocalSwiftPackageReference "../.." */ = {
			isa = XCLocalSwiftPackageReference;
			relativePath = ../..;
		};
/* End XCLocalSwiftPackageReference section */

/* Begin XCSwiftPackageProductDependency section */
		7B4B4B382B239F720010431C /* VariableBlurImageView */ = {
			isa = XCSwiftPackageProductDependency;
			productName = VariableBlurImageView;
		};
		7B4B4B3A2B239FD80010431C /* VariableBlurImageView */ = {
			isa = XCSwiftPackageProductDependency;
			productName = VariableBlurImageView;
		};
/* End XCSwiftPackageProductDependency section */
	};
	rootObject = 7BE7527F2B239E5800927478 /* Project object */;
}
